
Microsoft Visual Studio Solution File, Format Version 12.00
# Visual Studio Version 17
VisualStudioVersion = 17.2.32616.157
MinimumVisualStudioVersion = 10.0.40219.1
Project("{8BC9CEB8-8B4A-11D0-8D11-00A0C91BC942}") = "通讯录管理系统", "通讯录管理系统.vcxproj", "{AC5D404D-D7CD-4761-8909-4400ED169A37}"
EndProject
Global
	GlobalSection(SolutionConfigurationPlatforms) = preSolution
		Debug|x64 = Debug|x64
		Debug|x86 = Debug|x86
		Release|x64 = Release|x64
		Release|x86 = Release|x86
	EndGlobalSection
	GlobalSection(ProjectConfigurationPlatforms) = postSolution
		{AC5D404D-D7CD-4761-8909-4400ED169A37}.Debug|x64.ActiveCfg = Debug|x64
		{AC5D404D-D7CD-4761-8909-4400ED169A37}.Debug|x64.Build.0 = Debug|x64
		{AC5D404D-D7CD-4761-8909-4400ED169A37}.Debug|x86.ActiveCfg = Debug|Win32
		{AC5D404D-D7CD-4761-8909-4400ED169A37}.Debug|x86.Build.0 = Debug|Win32
		{AC5D404D-D7CD-4761-8909-4400ED169A37}.Release|x64.ActiveCfg = Release|x64
		{AC5D404D-D7CD-4761-8909-4400ED169A37}.Release|x64.Build.0 = Release|x64
		{AC5D404D-D7CD-4761-8909-4400ED169A37}.Release|x86.ActiveCfg = Release|Win32
		{AC5D404D-D7CD-4761-8909-4400ED169A37}.Release|x86.Build.0 = Release|Win32
	EndGlobalSection
	GlobalSection(SolutionProperties) = preSolution
		HideSolutionNode = FALSE
	EndGlobalSection
	GlobalSection(ExtensibilityGlobals) = postSolution
		SolutionGuid = {30FEA3D8-D678-4600-BD6A-AACE7D37E7F1}
	EndGlobalSection
EndGlobal
